
Microsoft Visual Studio Solution File, Format Version 12.00
# Visual Studio 15
Project("{FAE04EC0-301F-11D3-BF4B-00C04F79EFBC}") = "GoogleMobileAds", "GoogleMobileAds.csproj", "{54EA6486-0927-910C-B096-4CFDF47354E2}"
EndProject
Project("{FAE04EC0-301F-11D3-BF4B-00C04F79EFBC}") = "Assembly-CSharp", "Assembly-CSharp.csproj", "{978039A5-52B3-7F3A-8CCB-2F0D616185BC}"
EndProject
Project("{FAE04EC0-301F-11D3-BF4B-00C04F79EFBC}") = "GoogleMobileAds.Editor", "GoogleMobileAds.Editor.csproj", "{5675B2D6-13B8-F7E3-FC59-01A7BD54E94E}"
EndProject
Global
	GlobalSection(SolutionConfigurationPlatforms) = preSolution
		Debug|Any CPU = Debug|Any CPU
		Release|Any CPU = Release|Any CPU
	EndGlobalSection
	GlobalSection(ProjectConfigurationPlatforms) = postSolution
		{54EA6486-0927-910C-B096-4CFDF47354E2}.Debug|Any CPU.ActiveCfg = Debug|Any CPU
		{54EA6486-0927-910C-B096-4CFDF47354E2}.Debug|Any CPU.Build.0 = Debug|Any CPU
		{54EA6486-0927-910C-B096-4CFDF47354E2}.Release|Any CPU.ActiveCfg = Release|Any CPU
		{54EA6486-0927-910C-B096-4CFDF47354E2}.Release|Any CPU.Build.0 = Release|Any CPU
		{978039A5-52B3-7F3A-8CCB-2F0D616185BC}.Debug|Any CPU.ActiveCfg = Debug|Any CPU
		{978039A5-52B3-7F3A-8CCB-2F0D616185BC}.Debug|Any CPU.Build.0 = Debug|Any CPU
		{978039A5-52B3-7F3A-8CCB-2F0D616185BC}.Release|Any CPU.ActiveCfg = Release|Any CPU
		{978039A5-52B3-7F3A-8CCB-2F0D616185BC}.Release|Any CPU.Build.0 = Release|Any CPU
		{5675B2D6-13B8-F7E3-FC59-01A7BD54E94E}.Debug|Any CPU.ActiveCfg = Debug|Any CPU
		{5675B2D6-13B8-F7E3-FC59-01A7BD54E94E}.Debug|Any CPU.Build.0 = Debug|Any CPU
		{5675B2D6-13B8-F7E3-FC59-01A7BD54E94E}.Release|Any CPU.ActiveCfg = Release|Any CPU
		{5675B2D6-13B8-F7E3-FC59-01A7BD54E94E}.Release|Any CPU.Build.0 = Release|Any CPU
	EndGlobalSection
	GlobalSection(SolutionProperties) = preSolution
		HideSolutionNode = FALSE
	EndGlobalSection
EndGlobal
