
Microsoft Visual Studio Solution File, Format Version 12.00
# Visual Studio 15
Project("{FAE04EC0-301F-11D3-BF4B-00C04F79EFBC}") = "Assembly-CSharp", "Assembly-CSharp.csproj", "{1CE56E98-4847-C2F8-990B-3730D4E5B71D}"
EndProject
Project("{FAE04EC0-301F-11D3-BF4B-00C04F79EFBC}") = "Assembly-CSharp-Editor", "Assembly-CSharp-Editor.csproj", "{2D3191CC-3B19-14AF-9228-BDE94B8DBEF1}"
EndProject
Global
	GlobalSection(SolutionConfigurationPlatforms) = preSolution
		Debug|Any CPU = Debug|Any CPU
		Release|Any CPU = Release|Any CPU
	EndGlobalSection
	GlobalSection(ProjectConfigurationPlatforms) = postSolution
		{1CE56E98-4847-C2F8-990B-3730D4E5B71D}.Debug|Any CPU.ActiveCfg = Debug|Any CPU
		{1CE56E98-4847-C2F8-990B-3730D4E5B71D}.Debug|Any CPU.Build.0 = Debug|Any CPU
		{1CE56E98-4847-C2F8-990B-3730D4E5B71D}.Release|Any CPU.ActiveCfg = Release|Any CPU
		{1CE56E98-4847-C2F8-990B-3730D4E5B71D}.Release|Any CPU.Build.0 = Release|Any CPU
		{2D3191CC-3B19-14AF-9228-BDE94B8DBEF1}.Debug|Any CPU.ActiveCfg = Debug|Any CPU
		{2D3191CC-3B19-14AF-9228-BDE94B8DBEF1}.Debug|Any CPU.Build.0 = Debug|Any CPU
		{2D3191CC-3B19-14AF-9228-BDE94B8DBEF1}.Release|Any CPU.ActiveCfg = Release|Any CPU
		{2D3191CC-3B19-14AF-9228-BDE94B8DBEF1}.Release|Any CPU.Build.0 = Release|Any CPU
	EndGlobalSection
	GlobalSection(SolutionProperties) = preSolution
		HideSolutionNode = FALSE
	EndGlobalSection
EndGlobal
