
Microsoft Visual Studio Solution File, Format Version 11.00
# Visual Studio 2010
Project("{FAE04EC0-301F-11D3-BF4B-00C04F79EFBC}") = "Assembly-CSharp", "Assembly-CSharp.csproj", "{B75ED2AD-7416-D58A-9359-708339F8BA28}"
EndProject
Global
	GlobalSection(SolutionConfigurationPlatforms) = preSolution
		Debug|Any CPU = Debug|Any CPU
		Release|Any CPU = Release|Any CPU
	EndGlobalSection
	GlobalSection(ProjectConfigurationPlatforms) = postSolution
		{B75ED2AD-7416-D58A-9359-708339F8BA28}.Debug|Any CPU.ActiveCfg = Debug|Any CPU
		{B75ED2AD-7416-D58A-9359-708339F8BA28}.Debug|Any CPU.Build.0 = Debug|Any CPU
		{B75ED2AD-7416-D58A-9359-708339F8BA28}.Release|Any CPU.ActiveCfg = Release|Any CPU
		{B75ED2AD-7416-D58A-9359-708339F8BA28}.Release|Any CPU.Build.0 = Release|Any CPU
	EndGlobalSection
	GlobalSection(SolutionProperties) = preSolution
		HideSolutionNode = FALSE
	EndGlobalSection
	GlobalSection(MonoDevelopProperties) = preSolution
		StartupItem = Assembly-CSharp.csproj
	EndGlobalSection
EndGlobal
