
Microsoft Visual Studio Solution File, Format Version 12.00
# Visual Studio 15
Project("{FAE04EC0-301F-11D3-BF4B-00C04F79EFBC}") = "Assembly-CSharp", "Assembly-CSharp.csproj", "{BBC2B870-A8AB-9100-03D1-43E8C5375139}"
EndProject
Project("{FAE04EC0-301F-11D3-BF4B-00C04F79EFBC}") = "Assembly-CSharp-Editor", "Assembly-CSharp-Editor.csproj", "{9E0AFE09-624B-B0B1-287E-AA813F0E3CA4}"
EndProject
Global
	GlobalSection(SolutionConfigurationPlatforms) = preSolution
		Debug|Any CPU = Debug|Any CPU
		Release|Any CPU = Release|Any CPU
	EndGlobalSection
	GlobalSection(ProjectConfigurationPlatforms) = postSolution
		{BBC2B870-A8AB-9100-03D1-43E8C5375139}.Debug|Any CPU.ActiveCfg = Debug|Any CPU
		{BBC2B870-A8AB-9100-03D1-43E8C5375139}.Debug|Any CPU.Build.0 = Debug|Any CPU
		{BBC2B870-A8AB-9100-03D1-43E8C5375139}.Release|Any CPU.ActiveCfg = Release|Any CPU
		{BBC2B870-A8AB-9100-03D1-43E8C5375139}.Release|Any CPU.Build.0 = Release|Any CPU
		{9E0AFE09-624B-B0B1-287E-AA813F0E3CA4}.Debug|Any CPU.ActiveCfg = Debug|Any CPU
		{9E0AFE09-624B-B0B1-287E-AA813F0E3CA4}.Debug|Any CPU.Build.0 = Debug|Any CPU
		{9E0AFE09-624B-B0B1-287E-AA813F0E3CA4}.Release|Any CPU.ActiveCfg = Release|Any CPU
		{9E0AFE09-624B-B0B1-287E-AA813F0E3CA4}.Release|Any CPU.Build.0 = Release|Any CPU
	EndGlobalSection
	GlobalSection(SolutionProperties) = preSolution
		HideSolutionNode = FALSE
	EndGlobalSection
EndGlobal
